
Microsoft Visual Studio Solution File, Format Version 12.00
# Visual Studio Version 17
VisualStudioVersion = 17.5.33424.131
MinimumVisualStudioVersion = 10.0.40219.1
Project("{8BC9CEB8-8B4A-11D0-8D11-00A0C91BC942}") = "2주차", "Kuality-2023-1\Kuality-2023-1.vcxproj", "{C132DF6A-7BB3-4DF7-AAB1-A0812C691557}"
EndProject
Project("{8BC9CEB8-8B4A-11D0-8D11-00A0C91BC942}") = "3주차", "3주차\3주차.vcxproj", "{5F7D9E92-5A7D-4FC1-8744-F330AC94B531}"
EndProject
Global
	GlobalSection(SolutionConfigurationPlatforms) = preSolution
		Debug|x64 = Debug|x64
		Debug|x86 = Debug|x86
		Release|x64 = Release|x64
		Release|x86 = Release|x86
	EndGlobalSection
	GlobalSection(ProjectConfigurationPlatforms) = postSolution
		{C132DF6A-7BB3-4DF7-AAB1-A0812C691557}.Debug|x64.ActiveCfg = Debug|x64
		{C132DF6A-7BB3-4DF7-AAB1-A0812C691557}.Debug|x64.Build.0 = Debug|x64
		{C132DF6A-7BB3-4DF7-AAB1-A0812C691557}.Debug|x86.ActiveCfg = Debug|Win32
		{C132DF6A-7BB3-4DF7-AAB1-A0812C691557}.Debug|x86.Build.0 = Debug|Win32
		{C132DF6A-7BB3-4DF7-AAB1-A0812C691557}.Release|x64.ActiveCfg = Release|x64
		{C132DF6A-7BB3-4DF7-AAB1-A0812C691557}.Release|x64.Build.0 = Release|x64
		{C132DF6A-7BB3-4DF7-AAB1-A0812C691557}.Release|x86.ActiveCfg = Release|Win32
		{C132DF6A-7BB3-4DF7-AAB1-A0812C691557}.Release|x86.Build.0 = Release|Win32
		{5F7D9E92-5A7D-4FC1-8744-F330AC94B531}.Debug|x64.ActiveCfg = Debug|x64
		{5F7D9E92-5A7D-4FC1-8744-F330AC94B531}.Debug|x64.Build.0 = Debug|x64
		{5F7D9E92-5A7D-4FC1-8744-F330AC94B531}.Debug|x86.ActiveCfg = Debug|Win32
		{5F7D9E92-5A7D-4FC1-8744-F330AC94B531}.Debug|x86.Build.0 = Debug|Win32
		{5F7D9E92-5A7D-4FC1-8744-F330AC94B531}.Release|x64.ActiveCfg = Release|x64
		{5F7D9E92-5A7D-4FC1-8744-F330AC94B531}.Release|x64.Build.0 = Release|x64
		{5F7D9E92-5A7D-4FC1-8744-F330AC94B531}.Release|x86.ActiveCfg = Release|Win32
		{5F7D9E92-5A7D-4FC1-8744-F330AC94B531}.Release|x86.Build.0 = Release|Win32
	EndGlobalSection
	GlobalSection(SolutionProperties) = preSolution
		HideSolutionNode = FALSE
	EndGlobalSection
	GlobalSection(ExtensibilityGlobals) = postSolution
		SolutionGuid = {FA273A92-D94E-4415-9475-265A039098BD}
	EndGlobalSection
EndGlobal
